// !$*UTF8*$!
{
	archiveVersion = 1;
	classes = {
	};
	objectVersion = 46;
	objects = {

/* Begin PBXBuildFile section */
		355EA5AA1D975A8500E7BE95 /* AppDelegate.swift in Sources */ = {isa = PBXBuildFile; fileRef = 355EA5A91D975A8500E7BE95 /* AppDelegate.swift */; };
		355EA5AC1D975A8500E7BE95 /* ViewController.swift in Sources */ = {isa = PBXBuildFile; fileRef = 355EA5AB1D975A8500E7BE95 /* ViewController.swift */; };
		355EA5AE1D975A8500E7BE95 /* Assets.xcassets in Resources */ = {isa = PBXBuildFile; fileRef = 355EA5AD1D975A8500E7BE95 /* Assets.xcassets */; };
		355EA5B11D975A8500E7BE95 /* Main.storyboard in Resources */ = {isa = PBXBuildFile; fileRef = 355EA5AF1D975A8500E7BE95 /* Main.storyboard */; };
		355EA5BC1D975A8500E7BE95 /* testTests.swift in Sources */ = {isa = PBXBuildFile; fileRef = 355EA5BB1D975A8500E7BE95 /* testTests.swift */; };
/* End PBXBuildFile section */

/* Begin PBXContainerItemProxy section */
		355EA5B81D975A8500E7BE95 /* PBXContainerItemProxy */ = {
			isa = PBXContainerItemProxy;
			containerPortal = 355EA59E1D975A8500E7BE95 /* Project object */;
			proxyType = 1;
			remoteGlobalIDString = 355EA5A51D975A8500E7BE95;
			remoteInfo = test;
		};
/* End PBXContainerItemProxy section */

/* Begin PBXFileReference section */
		355EA5A61D975A8500E7BE95 /* test.app */ = {isa = PBXFileReference; explicitFileType = wrapper.application; includeInIndex = 0; path = test.app; sourceTree = BUILT_PRODUCTS_DIR; };
		355EA5A91D975A8500E7BE95 /* AppDelegate.swift */ = {isa = PBXFileReference; lastKnownFileType = sourcecode.swift; path = AppDelegate.swift; sourceTree = "<group>"; };
		355EA5AB1D975A8500E7BE95 /* ViewController.swift */ = {isa = PBXFileReference; lastKnownFileType = sourcecode.swift; path = ViewController.swift; sourceTree = "<group>"; };
		355EA5AD1D975A8500E7BE95 /* Assets.xcassets */ = {isa = PBXFileReference; lastKnownFileType = folder.assetcatalog; path = Assets.xcassets; sourceTree = "<group>"; };
		355EA5B01D975A8500E7BE95 /* Base */ = {isa = PBXFileReference; lastKnownFileType = file.storyboard; name = Base; path = Base.lproj/Main.storyboard; sourceTree = "<group>"; };
		355EA5B21D975A8500E7BE95 /* Info.plist */ = {isa = PBXFileReference; lastKnownFileType = text.plist.xml; path = Info.plist; sourceTree = "<group>"; };
		355EA5B71D975A8500E7BE95 /* testTests.xctest */ = {isa = PBXFileReference; explicitFileType = wrapper.cfbundle; includeInIndex = 0; path = testTests.xctest; sourceTree = BUILT_PRODUCTS_DIR; };
		355EA5BB1D975A8500E7BE95 /* testTests.swift */ = {isa = PBXFileReference; lastKnownFileType = sourcecode.swift; path = testTests.swift; sourceTree = "<group>"; };
		355EA5BD1D975A8500E7BE95 /* Info.plist */ = {isa = PBXFileReference; lastKnownFileType = text.plist.xml; path = Info.plist; sourceTree = "<group>"; };
/* End PBXFileReference section */

/* Begin PBXFrameworksBuildPhase section */
		355EA5A31D975A8500E7BE95 /* Frameworks */ = {
			isa = PBXFrameworksBuildPhase;
			buildActionMask = 2147483647;
			files = (
			);
			runOnlyForDeploymentPostprocessing = 0;
		};
		355EA5B41D975A8500E7BE95 /* Frameworks */ = {
			isa = PBXFrameworksBuildPhase;
			buildActionMask = 2147483647;
			files = (
			);
			runOnlyForDeploymentPostprocessing = 0;
		};
/* End PBXFrameworksBuildPhase section */

/* Begin PBXGroup section */
		355EA59D1D975A8500E7BE95 = {
			isa = PBXGroup;
			children = (
				355EA5A81D975A8500E7BE95 /* test */,
				355EA5BA1D975A8500E7BE95 /* testTests */,
				355EA5A71D975A8500E7BE95 /* Products */,
			);
			sourceTree = "<group>";
		};
		355EA5A71D975A8500E7BE95 /* Products */ = {
			isa = PBXGroup;
			children = (
				355EA5A61D975A8500E7BE95 /* test.app */,
				355EA5B71D975A8500E7BE95 /* testTests.xctest */,
			);
			name = Products;
			sourceTree = "<group>";
		};
		355EA5A81D975A8500E7BE95 /* test */ = {
			isa = PBXGroup;
			children = (
				355EA5A91D975A8500E7BE95 /* AppDelegate.swift */,
				355EA5AB1D975A8500E7BE95 /* ViewController.swift */,
				355EA5AD1D975A8500E7BE95 /* Assets.xcassets */,
				355EA5AF1D975A8500E7BE95 /* Main.storyboard */,
				355EA5B21D975A8500E7BE95 /* Info.plist */,
			);
			path = test;
			sourceTree = "<group>";
		};
		355EA5BA1D975A8500E7BE95 /* testTests */ = {
			isa = PBXGroup;
			children = (
				355EA5BB1D975A8500E7BE95 /* testTests.swift */,
				355EA5BD1D975A8500E7BE95 /* Info.plist */,
			);
			path = testTests;
			sourceTree = "<group>";
		};
/* End PBXGroup section */

/* Begin PBXNativeTarget section */
		355EA5A51D975A8500E7BE95 /* test */ = {
			isa = PBXNativeTarget;
			buildConfigurationList = 355EA5C01D975A8500E7BE95 /* Build configuration list for PBXNativeTarget "test" */;
			buildPhases = (
				355EA5A21D975A8500E7BE95 /* Sources */,
				355EA5A31D975A8500E7BE95 /* Frameworks */,
				355EA5A41D975A8500E7BE95 /* Resources */,
			);
			buildRules = (
			);
			dependencies = (
			);
			name = test;
			productName = test;
			productReference = 355EA5A61D975A8500E7BE95 /* test.app */;
			productType = "com.apple.product-type.application";
		};
		355EA5B61D975A8500E7BE95 /* testTests */ = {
			isa = PBXNativeTarget;
			buildConfigurationList = 355EA5C31D975A8500E7BE95 /* Build configuration list for PBXNativeTarget "testTests" */;
			buildPhases = (
				355EA5B31D975A8500E7BE95 /* Sources */,
				355EA5B41D975A8500E7BE95 /* Frameworks */,
				355EA5B51D975A8500E7BE95 /* Resources */,
			);
			buildRules = (
			);
			dependencies = (
				355EA5B91D975A8500E7BE95 /* PBXTargetDependency */,
			);
			name = testTests;
			productName = testTests;
			productReference = 355EA5B71D975A8500E7BE95 /* testTests.xctest */;
			productType = "com.apple.product-type.bundle.unit-test";
		};
/* End PBXNativeTarget section */

/* Begin PBXProject section */
		355EA59E1D975A8500E7BE95 /* Project object */ = {
			isa = PBXProject;
			attributes = {
				LastSwiftUpdateCheck = 0800;
				LastUpgradeCheck = 0800;
				ORGANIZATIONNAME = c.uraga;
				TargetAttributes = {
					355EA5A51D975A8500E7BE95 = {
						CreatedOnToolsVersion = 8.0;
						ProvisioningStyle = Automatic;
					};
					355EA5B61D975A8500E7BE95 = {
						CreatedOnToolsVersion = 8.0;
						ProvisioningStyle = Automatic;
						TestTargetID = 355EA5A51D975A8500E7BE95;
					};
				};
			};
			buildConfigurationList = 355EA5A11D975A8500E7BE95 /* Build configuration list for PBXProject "test" */;
			compatibilityVersion = "Xcode 3.2";
			developmentRegion = English;
			hasScannedForEncodings = 0;
			knownRegions = (
				en,
				Base,
			);
			mainGroup = 355EA59D1D975A8500E7BE95;
			productRefGroup = 355EA5A71D975A8500E7BE95 /* Products */;
			projectDirPath = "";
			projectRoot = "";
			targets = (
				355EA5A51D975A8500E7BE95 /* test */,
				355EA5B61D975A8500E7BE95 /* testTests */,
			);
		};
/* End PBXProject section */

/* Begin PBXResourcesBuildPhase section */
		355EA5A41D975A8500E7BE95 /* Resources */ = {
			isa = PBXResourcesBuildPhase;
			buildActionMask = 2147483647;
			files = (
				355EA5AE1D975A8500E7BE95 /* Assets.xcassets in Resources */,
				355EA5B11D975A8500E7BE95 /* Main.storyboard in Resources */,
			);
			runOnlyForDeploymentPostprocessing = 0;
		};
		355EA5B51D975A8500E7BE95 /* Resources */ = {
			isa = PBXResourcesBuildPhase;
			buildActionMask = 2147483647;
			files = (
			);
			runOnlyForDeploymentPostprocessing = 0;
		};
/* End PBXResourcesBuildPhase section */

/* Begin PBXSourcesBuildPhase section */
		355EA5A21D975A8500E7BE95 /* Sources */ = {
			isa = PBXSourcesBuildPhase;
			buildActionMask = 2147483647;
			files = (
				355EA5AC1D975A8500E7BE95 /* ViewController.swift in Sources */,
				355EA5AA1D975A8500E7BE95 /* AppDelegate.swift in Sources */,
			);
			runOnlyForDeploymentPostprocessing = 0;
		};
		355EA5B31D975A8500E7BE95 /* Sources */ = {
			isa = PBXSourcesBuildPhase;
			buildActionMask = 2147483647;
			files = (
				355EA5BC1D975A8500E7BE95 /* testTests.swift in Sources */,
			);
			runOnlyForDeploymentPostprocessing = 0;
		};
/* End PBXSourcesBuildPhase section */

/* Begin PBXTargetDependency section */
		355EA5B91D975A8500E7BE95 /* PBXTargetDependency */ = {
			isa = PBXTargetDependency;
			target = 355EA5A51D975A8500E7BE95 /* test */;
			targetProxy = 355EA5B81D975A8500E7BE95 /* PBXContainerItemProxy */;
		};
/* End PBXTargetDependency section */

/* Begin PBXVariantGroup section */
		355EA5AF1D975A8500E7BE95 /* Main.storyboard */ = {
			isa = PBXVariantGroup;
			children = (
				355EA5B01D975A8500E7BE95 /* Base */,
			);
			name = Main.storyboard;
			sourceTree = "<group>";
		};
/* End PBXVariantGroup section */

/* Begin XCBuildConfiguration section */
		355EA5BE1D975A8500E7BE95 /* Debug */ = {
			isa = XCBuildConfiguration;
			buildSettings = {
				ALWAYS_SEARCH_USER_PATHS = NO;
				CLANG_ANALYZER_NONNULL = YES;
				CLANG_CXX_LANGUAGE_STANDARD = "gnu++0x";
				CLANG_CXX_LIBRARY = "libc++";
				CLANG_ENABLE_MODULES = YES;
				CLANG_ENABLE_OBJC_ARC = YES;
				CLANG_WARN_BOOL_CONVERSION = YES;
				CLANG_WARN_CONSTANT_CONVERSION = YES;
				CLANG_WARN_DIRECT_OBJC_ISA_USAGE = YES_ERROR;
				CLANG_WARN_DOCUMENTATION_COMMENTS = YES;
				CLANG_WARN_EMPTY_BODY = YES;
				CLANG_WARN_ENUM_CONVERSION = YES;
				CLANG_WARN_INFINITE_RECURSION = YES;
				CLANG_WARN_INT_CONVERSION = YES;
				CLANG_WARN_OBJC_ROOT_CLASS = YES_ERROR;
				CLANG_WARN_SUSPICIOUS_MOVES = YES;
				CLANG_WARN_UNREACHABLE_CODE = YES;
				CLANG_WARN__DUPLICATE_METHOD_MATCH = YES;
				CODE_SIGN_IDENTITY = "-";
				COPY_PHASE_STRIP = NO;
				DEBUG_INFORMATION_FORMAT = dwarf;
				ENABLE_STRICT_OBJC_MSGSEND = YES;
				ENABLE_TESTABILITY = YES;
				GCC_C_LANGUAGE_STANDARD = gnu99;
				GCC_DYNAMIC_NO_PIC = NO;
				GCC_NO_COMMON_BLOCKS = YES;
				GCC_OPTIMIZATION_LEVEL = 0;
				GCC_PREPROCESSOR_DEFINITIONS = (
					"DEBUG=1",
					"$(inherited)",
				);
				GCC_WARN_64_TO_32_BIT_CONVERSION = YES;
				GCC_WARN_ABOUT_RETURN_TYPE = YES_ERROR;
				GCC_WARN_UNDECLARED_SELECTOR = YES;
				GCC_WARN_UNINITIALIZED_AUTOS = YES_AGGRESSIVE;
				GCC_WARN_UNUSED_FUNCTION = YES;
				GCC_WARN_UNUSED_VARIABLE = YES;
				MACOSX_DEPLOYMENT_TARGET = 10.12;
				MTL_ENABLE_DEBUG_INFO = YES;
				ONLY_ACTIVE_ARCH = YES;
				SDKROOT = macosx;
				SWIFT_ACTIVE_COMPILATION_CONDITIONS = DEBUG;
				SWIFT_OPTIMIZATION_LEVEL = "-Onone";
			};
			name = Debug;
		};
		355EA5BF1D975A8500E7BE95 /* Release */ = {
			isa = XCBuildConfiguration;
			buildSettings = {
				ALWAYS_SEARCH_USER_PATHS = NO;
				CLANG_ANALYZER_NONNULL = YES;
				CLANG_CXX_LANGUAGE_STANDARD = "gnu++0x";
				CLANG_CXX_LIBRARY = "libc++";
				CLANG_ENABLE_MODULES = YES;
				CLANG_ENABLE_OBJC_ARC = YES;
				CLANG_WARN_BOOL_CONVERSION = YES;
				CLANG_WARN_CONSTANT_CONVERSION = YES;
				CLANG_WARN_DIRECT_OBJC_ISA_USAGE = YES_ERROR;
				CLANG_WARN_DOCUMENTATION_COMMENTS = YES;
				CLANG_WARN_EMPTY_BODY = YES;
				CLANG_WARN_ENUM_CONVERSION = YES;
				CLANG_WARN_INFINITE_RECURSION = YES;
				CLANG_WARN_INT_CONVERSION = YES;
				CLANG_WARN_OBJC_ROOT_CLASS = YES_ERROR;
				CLANG_WARN_SUSPICIOUS_MOVES = YES;
				CLANG_WARN_UNREACHABLE_CODE = YES;
				CLANG_WARN__DUPLICATE_METHOD_MATCH = YES;
				CODE_SIGN_IDENTITY = "-";
				COPY_PHASE_STRIP = NO;
				DEBUG_INFORMATION_FORMAT = "dwarf-with-dsym";
				ENABLE_NS_ASSERTIONS = NO;
				ENABLE_STRICT_OBJC_MSGSEND = YES;
				GCC_C_LANGUAGE_STANDARD = gnu99;
				GCC_NO_COMMON_BLOCKS = YES;
				GCC_WARN_64_TO_32_BIT_CONVERSION = YES;
				GCC_WARN_ABOUT_RETURN_TYPE = YES_ERROR;
				GCC_WARN_UNDECLARED_SELECTOR = YES;
				GCC_WARN_UNINITIALIZED_AUTOS = YES_AGGRESSIVE;
				GCC_WARN_UNUSED_FUNCTION = YES;
				GCC_WARN_UNUSED_VARIABLE = YES;
				MACOSX_DEPLOYMENT_TARGET = 10.12;
				MTL_ENABLE_DEBUG_INFO = NO;
				SDKROOT = macosx;
				SWIFT_OPTIMIZATION_LEVEL = "-Owholemodule";
			};
			name = Release;
		};
		355EA5C11D975A8500E7BE95 /* Debug */ = {
			isa = XCBuildConfiguration;
			buildSettings = {
				ASSETCATALOG_COMPILER_APPICON_NAME = AppIcon;
				COMBINE_HIDPI_IMAGES = YES;
				INFOPLIST_FILE = test/Info.plist;
				LD_RUNPATH_SEARCH_PATHS = "$(inherited) @executable_path/../Frameworks";
				PRODUCT_BUNDLE_IDENTIFIER = noCompanyName.test;
				PRODUCT_NAME = "$(TARGET_NAME)";
				SWIFT_VERSION = 3.0;
			};
			name = Debug;
		};
		355EA5C21D975A8500E7BE95 /* Release */ = {
			isa = XCBuildConfiguration;
			buildSettings = {
				ASSETCATALOG_COMPILER_APPICON_NAME = AppIcon;
				COMBINE_HIDPI_IMAGES = YES;
				INFOPLIST_FILE = test/Info.plist;
				LD_RUNPATH_SEARCH_PATHS = "$(inherited) @executable_path/../Frameworks";
				PRODUCT_BUNDLE_IDENTIFIER = noCompanyName.test;
				PRODUCT_NAME = "$(TARGET_NAME)";
				SWIFT_VERSION = 3.0;
			};
			name = Release;
		};
		355EA5C41D975A8500E7BE95 /* Debug */ = {
			isa = XCBuildConfiguration;
			buildSettings = {
				ALWAYS_EMBED_SWIFT_STANDARD_LIBRARIES = YES;
				BUNDLE_LOADER = "$(TEST_HOST)";
				COMBINE_HIDPI_IMAGES = YES;
				INFOPLIST_FILE = testTests/Info.plist;
				LD_RUNPATH_SEARCH_PATHS = "$(inherited) @executable_path/../Frameworks @loader_path/../Frameworks";
				PRODUCT_BUNDLE_IDENTIFIER = noCompanyName.testTests;
				PRODUCT_NAME = "$(TARGET_NAME)";
				SWIFT_VERSION = 3.0;
				TEST_HOST = "$(BUILT_PRODUCTS_DIR)/test.app/Contents/MacOS/test";
			};
			name = Debug;
		};
		355EA5C51D975A8500E7BE95 /* Release */ = {
			isa = XCBuildConfiguration;
			buildSettings = {
				ALWAYS_EMBED_SWIFT_STANDARD_LIBRARIES = YES;
				BUNDLE_LOADER = "$(TEST_HOST)";
				COMBINE_HIDPI_IMAGES = YES;
				INFOPLIST_FILE = testTests/Info.plist;
				LD_RUNPATH_SEARCH_PATHS = "$(inherited) @executable_path/../Frameworks @loader_path/../Frameworks";
				PRODUCT_BUNDLE_IDENTIFIER = noCompanyName.testTests;
				PRODUCT_NAME = "$(TARGET_NAME)";
				SWIFT_VERSION = 3.0;
				TEST_HOST = "$(BUILT_PRODUCTS_DIR)/test.app/Contents/MacOS/test";
			};
			name = Release;
		};
/* End XCBuildConfiguration section */

/* Begin XCConfigurationList section */
		355EA5A11D975A8500E7BE95 /* Build configuration list for PBXProject "test" */ = {
			isa = XCConfigurationList;
			buildConfigurations = (
				355EA5BE1D975A8500E7BE95 /* Debug */,
				355EA5BF1D975A8500E7BE95 /* Release */,
			);
			defaultConfigurationIsVisible = 0;
			defaultConfigurationName = Release;
		};
		355EA5C01D975A8500E7BE95 /* Build configuration list for PBXNativeTarget "test" */ = {
			isa = XCConfigurationList;
			buildConfigurations = (
				355EA5C11D975A8500E7BE95 /* Debug */,
				355EA5C21D975A8500E7BE95 /* Release */,
			);
			defaultConfigurationIsVisible = 0;
		};
		355EA5C31D975A8500E7BE95 /* Build configuration list for PBXNativeTarget "testTests" */ = {
			isa = XCConfigurationList;
			buildConfigurations = (
				355EA5C41D975A8500E7BE95 /* Debug */,
				355EA5C51D975A8500E7BE95 /* Release */,
			);
			defaultConfigurationIsVisible = 0;
		};
/* End XCConfigurationList section */
	};
	rootObject = 355EA59E1D975A8500E7BE95 /* Project object */;
}
